{
    "name": "wiretap",
    "version": "1.0.0",
    "lockfileVersion": 2,
    "requires": true,
    "packages": {
        "": {
            "name": "wiretap",
            "version": "1.0.0",
            "license": "ISC",
            "dependencies": {
                "axios": "^0.24.0",
                "dotenv": "^10.0.0",
                "fast-xml-parser": "^3.21.1",
                "ffmpeg-stream": "^0.7.0",
                "pureimage": "^0.3.6"
            },
            "devDependencies": {
                "@types/node": "^16.11.7",
                "typescript": "^4.5.2"
            }
        },
        "node_modules/@types/node": {
            "version": "16.11.10",
            "resolved": "https://registry.npmjs.org/@types/node/-/node-16.11.10.tgz",
            "integrity": "sha512-3aRnHa1KlOEEhJ6+CvyHKK5vE9BcLGjtUpwvqYLRvYNQKMfabu3BwfJaA/SLW8dxe28LsNDjtHwePTuzn3gmOA==",
            "dev": true
        },
        "node_modules/axios": {
            "version": "0.24.0",
            "resolved": "https://registry.npmjs.org/axios/-/axios-0.24.0.tgz",
            "integrity": "sha512-Q6cWsys88HoPgAaFAVUb0WpPk0O8iTeisR9IMqy9G8AbO4NlpVknrnQS03zzF9PGAWgO3cgletO3VjV/P7VztA==",
            "dependencies": {
                "follow-redirects": "^1.14.4"
            }
        },
        "node_modules/debug": {
            "version": "4.3.3",
            "resolved": "https://registry.npmjs.org/debug/-/debug-4.3.3.tgz",
            "integrity": "sha512-/zxw5+vh1Tfv+4Qn7a5nsbcJKPaSvCDhojn6FEl9vupwK2VCSDtEiEtqr8DFtzYFOdz63LBkxec7DYuc2jon6Q==",
            "dependencies": {
                "ms": "2.1.2"
            },
            "engines": {
                "node": ">=6.0"
            },
            "peerDependenciesMeta": {
                "supports-color": {
                    "optional": true
                }
            }
        },
        "node_modules/dotenv": {
            "version": "10.0.0",
            "resolved": "https://registry.npmjs.org/dotenv/-/dotenv-10.0.0.tgz",
            "integrity": "sha512-rlBi9d8jpv9Sf1klPjNfFAuWDjKLwTIJJ/VxtoTwIR6hnZxcEOQCZg2oIL3MWBYw5GpUDKOEnND7LXTbIpQ03Q==",
            "engines": {
                "node": ">=10"
            }
        },
        "node_modules/fast-xml-parser": {
            "version": "3.21.1",
            "resolved": "https://registry.npmjs.org/fast-xml-parser/-/fast-xml-parser-3.21.1.tgz",
            "integrity": "sha512-FTFVjYoBOZTJekiUsawGsSYV9QL0A+zDYCRj7y34IO6Jg+2IMYEtQa+bbictpdpV8dHxXywqU7C0gRDEOFtBFg==",
            "dependencies": {
                "strnum": "^1.0.4"
            },
            "bin": {
                "xml2js": "cli.js"
            },
            "funding": {
                "type": "paypal",
                "url": "https://paypal.me/naturalintelligence"
            }
        },
        "node_modules/ffmpeg-stream": {
            "version": "0.7.0",
            "resolved": "https://registry.npmjs.org/ffmpeg-stream/-/ffmpeg-stream-0.7.0.tgz",
            "integrity": "sha512-Cz6EDH1LGBMZAb2ae03hvyMkrhZr7LdQ5fj/YUnaj00pxs5BDVZAF2AsYrthO8RrJ8ybwNTlAmvyztAOuuQg3g==",
            "dependencies": {
                "debug": "^4.2.0"
            }
        },
        "node_modules/follow-redirects": {
            "version": "1.14.5",
            "resolved": "https://registry.npmjs.org/follow-redirects/-/follow-redirects-1.14.5.tgz",
            "integrity": "sha512-wtphSXy7d4/OR+MvIFbCVBDzZ5520qV8XfPklSN5QtxuMUJZ+b0Wnst1e1lCDocfzuCkHqj8k0FpZqO+UIaKNA==",
            "funding": [
                {
                    "type": "individual",
                    "url": "https://github.com/sponsors/RubenVerborgh"
                }
            ],
            "engines": {
                "node": ">=4.0"
            },
            "peerDependenciesMeta": {
                "debug": {
                    "optional": true
                }
            }
        },
        "node_modules/jpeg-js": {
            "version": "0.4.3",
            "resolved": "https://registry.npmjs.org/jpeg-js/-/jpeg-js-0.4.3.tgz",
            "integrity": "sha512-ru1HWKek8octvUHFHvE5ZzQ1yAsJmIvRdGWvSoKV52XKyuyYA437QWDttXT8eZXDSbuMpHlLzPDZUPd6idIz+Q=="
        },
        "node_modules/ms": {
            "version": "2.1.2",
            "resolved": "https://registry.npmjs.org/ms/-/ms-2.1.2.tgz",
            "integrity": "sha512-sGkPx+VjMtmA6MX27oA4FBFELFCZZ4S4XqeGOXCv68tT+jb3vk/RyaKWP0PTKyWtmLSM0b+adUTEvbs1PEaH2w=="
        },
        "node_modules/opentype.js": {
            "version": "0.4.11",
            "resolved": "https://registry.npmjs.org/opentype.js/-/opentype.js-0.4.11.tgz",
            "integrity": "sha1-KBojkGOcwVkxyVXY1jwUp8d3K0E=",
            "bin": {
                "ot": "bin/ot"
            }
        },
        "node_modules/pngjs": {
            "version": "3.4.0",
            "resolved": "https://registry.npmjs.org/pngjs/-/pngjs-3.4.0.tgz",
            "integrity": "sha512-NCrCHhWmnQklfH4MtJMRjZ2a8c80qXeMlQMv2uVp9ISJMTt562SbGd6n2oq0PaPgKm7Z6pL9E2UlLIhC+SHL3w==",
            "engines": {
                "node": ">=4.0.0"
            }
        },
        "node_modules/pureimage": {
            "version": "0.3.6",
            "resolved": "https://registry.npmjs.org/pureimage/-/pureimage-0.3.6.tgz",
            "integrity": "sha512-Wtk+QdlB1X7wnfaXads+5i6tI95dNMyR7Hq9Q0qmEOXiG38JvPRcAISSzuSVGXPlgi54VFzl26ic8UpT6GLs6g==",
            "dependencies": {
                "jpeg-js": "^0.4.1",
                "opentype.js": "^0.4.3",
                "pngjs": "^3.3.1"
            },
            "engines": {
                "node": ">=0.8"
            }
        },
        "node_modules/strnum": {
            "version": "1.0.4",
            "resolved": "https://registry.npmjs.org/strnum/-/strnum-1.0.4.tgz",
            "integrity": "sha512-lMzNMfDpaQOLt4B2mEbfzYS0+T7dvCXeojnlGf6f1AygvWDMcWyXYaLbyICfjVu29sErR8fnRagQfBW/N/hGgw=="
        },
        "node_modules/typescript": {
            "version": "4.5.2",
            "resolved": "https://registry.npmjs.org/typescript/-/typescript-4.5.2.tgz",
            "integrity": "sha512-5BlMof9H1yGt0P8/WF+wPNw6GfctgGjXp5hkblpyT+8rkASSmkUKMXrxR0Xg8ThVCi/JnHQiKXeBaEwCeQwMFw==",
            "dev": true,
            "bin": {
                "tsc": "bin/tsc",
                "tsserver": "bin/tsserver"
            },
            "engines": {
                "node": ">=4.2.0"
            }
        }
    },
    "dependencies": {
        "@types/node": {
            "version": "16.11.10",
            "resolved": "https://registry.npmjs.org/@types/node/-/node-16.11.10.tgz",
            "integrity": "sha512-3aRnHa1KlOEEhJ6+CvyHKK5vE9BcLGjtUpwvqYLRvYNQKMfabu3BwfJaA/SLW8dxe28LsNDjtHwePTuzn3gmOA==",
            "dev": true
        },
        "axios": {
            "version": "0.24.0",
            "resolved": "https://registry.npmjs.org/axios/-/axios-0.24.0.tgz",
            "integrity": "sha512-Q6cWsys88HoPgAaFAVUb0WpPk0O8iTeisR9IMqy9G8AbO4NlpVknrnQS03zzF9PGAWgO3cgletO3VjV/P7VztA==",
            "requires": {
                "follow-redirects": "^1.14.4"
            }
        },
        "debug": {
            "version": "4.3.3",
            "resolved": "https://registry.npmjs.org/debug/-/debug-4.3.3.tgz",
            "integrity": "sha512-/zxw5+vh1Tfv+4Qn7a5nsbcJKPaSvCDhojn6FEl9vupwK2VCSDtEiEtqr8DFtzYFOdz63LBkxec7DYuc2jon6Q==",
            "requires": {
                "ms": "2.1.2"
            }
        },
        "dotenv": {
            "version": "10.0.0",
            "resolved": "https://registry.npmjs.org/dotenv/-/dotenv-10.0.0.tgz",
            "integrity": "sha512-rlBi9d8jpv9Sf1klPjNfFAuWDjKLwTIJJ/VxtoTwIR6hnZxcEOQCZg2oIL3MWBYw5GpUDKOEnND7LXTbIpQ03Q=="
        },
        "fast-xml-parser": {
            "version": "3.21.1",
            "resolved": "https://registry.npmjs.org/fast-xml-parser/-/fast-xml-parser-3.21.1.tgz",
            "integrity": "sha512-FTFVjYoBOZTJekiUsawGsSYV9QL0A+zDYCRj7y34IO6Jg+2IMYEtQa+bbictpdpV8dHxXywqU7C0gRDEOFtBFg==",
            "requires": {
                "strnum": "^1.0.4"
            }
        },
        "ffmpeg-stream": {
            "version": "0.7.0",
            "resolved": "https://registry.npmjs.org/ffmpeg-stream/-/ffmpeg-stream-0.7.0.tgz",
            "integrity": "sha512-Cz6EDH1LGBMZAb2ae03hvyMkrhZr7LdQ5fj/YUnaj00pxs5BDVZAF2AsYrthO8RrJ8ybwNTlAmvyztAOuuQg3g==",
            "requires": {
                "debug": "^4.2.0"
            }
        },
        "follow-redirects": {
            "version": "1.14.5",
            "resolved": "https://registry.npmjs.org/follow-redirects/-/follow-redirects-1.14.5.tgz",
            "integrity": "sha512-wtphSXy7d4/OR+MvIFbCVBDzZ5520qV8XfPklSN5QtxuMUJZ+b0Wnst1e1lCDocfzuCkHqj8k0FpZqO+UIaKNA=="
        },
        "jpeg-js": {
            "version": "0.4.3",
            "resolved": "https://registry.npmjs.org/jpeg-js/-/jpeg-js-0.4.3.tgz",
            "integrity": "sha512-ru1HWKek8octvUHFHvE5ZzQ1yAsJmIvRdGWvSoKV52XKyuyYA437QWDttXT8eZXDSbuMpHlLzPDZUPd6idIz+Q=="
        },
        "ms": {
            "version": "2.1.2",
            "resolved": "https://registry.npmjs.org/ms/-/ms-2.1.2.tgz",
            "integrity": "sha512-sGkPx+VjMtmA6MX27oA4FBFELFCZZ4S4XqeGOXCv68tT+jb3vk/RyaKWP0PTKyWtmLSM0b+adUTEvbs1PEaH2w=="
        },
        "opentype.js": {
            "version": "0.4.11",
            "resolved": "https://registry.npmjs.org/opentype.js/-/opentype.js-0.4.11.tgz",
            "integrity": "sha1-KBojkGOcwVkxyVXY1jwUp8d3K0E="
        },
        "pngjs": {
            "version": "3.4.0",
            "resolved": "https://registry.npmjs.org/pngjs/-/pngjs-3.4.0.tgz",
            "integrity": "sha512-NCrCHhWmnQklfH4MtJMRjZ2a8c80qXeMlQMv2uVp9ISJMTt562SbGd6n2oq0PaPgKm7Z6pL9E2UlLIhC+SHL3w=="
        },
        "pureimage": {
            "version": "0.3.6",
            "resolved": "https://registry.npmjs.org/pureimage/-/pureimage-0.3.6.tgz",
            "integrity": "sha512-Wtk+QdlB1X7wnfaXads+5i6tI95dNMyR7Hq9Q0qmEOXiG38JvPRcAISSzuSVGXPlgi54VFzl26ic8UpT6GLs6g==",
            "requires": {
                "jpeg-js": "^0.4.1",
                "opentype.js": "^0.4.3",
                "pngjs": "^3.3.1"
            }
        },
        "strnum": {
            "version": "1.0.4",
            "resolved": "https://registry.npmjs.org/strnum/-/strnum-1.0.4.tgz",
            "integrity": "sha512-lMzNMfDpaQOLt4B2mEbfzYS0+T7dvCXeojnlGf6f1AygvWDMcWyXYaLbyICfjVu29sErR8fnRagQfBW/N/hGgw=="
        },
        "typescript": {
            "version": "4.5.2",
            "resolved": "https://registry.npmjs.org/typescript/-/typescript-4.5.2.tgz",
            "integrity": "sha512-5BlMof9H1yGt0P8/WF+wPNw6GfctgGjXp5hkblpyT+8rkASSmkUKMXrxR0Xg8ThVCi/JnHQiKXeBaEwCeQwMFw==",
            "dev": true
        }
    }
}
